
Microsoft Visual Studio Solution File, Format Version 10.00
# Visual Studio 2008
Project("{8BC9CEB8-8B4A-11D0-8D11-00A0C91BC942}") = "10-23", "10-23\10-23.vcproj", "{7A12877C-10E2-44B3-A2C3-56E395A84CC9}"
EndProject
Global
	GlobalSection(SolutionConfigurationPlatforms) = preSolution
		Debug|Win32 = Debug|Win32
		Release|Win32 = Release|Win32
	EndGlobalSection
	GlobalSection(ProjectConfigurationPlatforms) = postSolution
		{7A12877C-10E2-44B3-A2C3-56E395A84CC9}.Debug|Win32.ActiveCfg = Debug|Win32
		{7A12877C-10E2-44B3-A2C3-56E395A84CC9}.Debug|Win32.Build.0 = Debug|Win32
		{7A12877C-10E2-44B3-A2C3-56E395A84CC9}.Release|Win32.ActiveCfg = Release|Win32
		{7A12877C-10E2-44B3-A2C3-56E395A84CC9}.Release|Win32.Build.0 = Release|Win32
	EndGlobalSection
	GlobalSection(SolutionProperties) = preSolution
		HideSolutionNode = FALSE
	EndGlobalSection
EndGlobal
