
Microsoft Visual Studio Solution File, Format Version 10.00
# Visual Studio 2008
Project("{8BC9CEB8-8B4A-11D0-8D11-00A0C91BC942}") = "10-25-1", "10-25-1\10-25-1.vcproj", "{544E1C30-EFBC-48A9-A459-134D18A1B2D3}"
EndProject
Global
	GlobalSection(SolutionConfigurationPlatforms) = preSolution
		Debug|Win32 = Debug|Win32
		Release|Win32 = Release|Win32
	EndGlobalSection
	GlobalSection(ProjectConfigurationPlatforms) = postSolution
		{544E1C30-EFBC-48A9-A459-134D18A1B2D3}.Debug|Win32.ActiveCfg = Debug|Win32
		{544E1C30-EFBC-48A9-A459-134D18A1B2D3}.Debug|Win32.Build.0 = Debug|Win32
		{544E1C30-EFBC-48A9-A459-134D18A1B2D3}.Release|Win32.ActiveCfg = Release|Win32
		{544E1C30-EFBC-48A9-A459-134D18A1B2D3}.Release|Win32.Build.0 = Release|Win32
	EndGlobalSection
	GlobalSection(SolutionProperties) = preSolution
		HideSolutionNode = FALSE
	EndGlobalSection
EndGlobal
