
Microsoft Visual Studio Solution File, Format Version 10.00
# Visual Studio 2008
Project("{8BC9CEB8-8B4A-11D0-8D11-00A0C91BC942}") = "10-11", "10-11\10-11.vcproj", "{A8D1FF20-56CA-41DF-B916-789AC6E13F79}"
EndProject
Global
	GlobalSection(SolutionConfigurationPlatforms) = preSolution
		Debug|Win32 = Debug|Win32
		Release|Win32 = Release|Win32
	EndGlobalSection
	GlobalSection(ProjectConfigurationPlatforms) = postSolution
		{A8D1FF20-56CA-41DF-B916-789AC6E13F79}.Debug|Win32.ActiveCfg = Debug|Win32
		{A8D1FF20-56CA-41DF-B916-789AC6E13F79}.Debug|Win32.Build.0 = Debug|Win32
		{A8D1FF20-56CA-41DF-B916-789AC6E13F79}.Release|Win32.ActiveCfg = Release|Win32
		{A8D1FF20-56CA-41DF-B916-789AC6E13F79}.Release|Win32.Build.0 = Release|Win32
	EndGlobalSection
	GlobalSection(SolutionProperties) = preSolution
		HideSolutionNode = FALSE
	EndGlobalSection
EndGlobal
