
Microsoft Visual Studio Solution File, Format Version 10.00
# Visual Studio 2008
Project("{8BC9CEB8-8B4A-11D0-8D11-00A0C91BC942}") = "11-8-2", "11-8-2\11-8-2.vcproj", "{B28C3B59-8D33-4CA7-B5DA-3BB2F465C60A}"
EndProject
Global
	GlobalSection(SolutionConfigurationPlatforms) = preSolution
		Debug|Win32 = Debug|Win32
		Release|Win32 = Release|Win32
	EndGlobalSection
	GlobalSection(ProjectConfigurationPlatforms) = postSolution
		{B28C3B59-8D33-4CA7-B5DA-3BB2F465C60A}.Debug|Win32.ActiveCfg = Debug|Win32
		{B28C3B59-8D33-4CA7-B5DA-3BB2F465C60A}.Debug|Win32.Build.0 = Debug|Win32
		{B28C3B59-8D33-4CA7-B5DA-3BB2F465C60A}.Release|Win32.ActiveCfg = Release|Win32
		{B28C3B59-8D33-4CA7-B5DA-3BB2F465C60A}.Release|Win32.Build.0 = Release|Win32
	EndGlobalSection
	GlobalSection(SolutionProperties) = preSolution
		HideSolutionNode = FALSE
	EndGlobalSection
EndGlobal
