
Microsoft Visual Studio Solution File, Format Version 10.00
# Visual Studio 2008
Project("{8BC9CEB8-8B4A-11D0-8D11-00A0C91BC942}") = "10-24", "10-24\10-24.vcproj", "{0EC98606-51C2-4AD9-9936-CC6005043637}"
EndProject
Global
	GlobalSection(SolutionConfigurationPlatforms) = preSolution
		Debug|Win32 = Debug|Win32
		Release|Win32 = Release|Win32
	EndGlobalSection
	GlobalSection(ProjectConfigurationPlatforms) = postSolution
		{0EC98606-51C2-4AD9-9936-CC6005043637}.Debug|Win32.ActiveCfg = Debug|Win32
		{0EC98606-51C2-4AD9-9936-CC6005043637}.Debug|Win32.Build.0 = Debug|Win32
		{0EC98606-51C2-4AD9-9936-CC6005043637}.Release|Win32.ActiveCfg = Release|Win32
		{0EC98606-51C2-4AD9-9936-CC6005043637}.Release|Win32.Build.0 = Release|Win32
	EndGlobalSection
	GlobalSection(SolutionProperties) = preSolution
		HideSolutionNode = FALSE
	EndGlobalSection
EndGlobal
