
Microsoft Visual Studio Solution File, Format Version 10.00
# Visual Studio 2008
Project("{8BC9CEB8-8B4A-11D0-8D11-00A0C91BC942}") = "1-31（顺序表）", "1-31（顺序表）\1-31（顺序表）.vcproj", "{C381A8A7-885E-472B-B4A0-C9B05151E47B}"
EndProject
Global
	GlobalSection(SolutionConfigurationPlatforms) = preSolution
		Debug|Win32 = Debug|Win32
		Release|Win32 = Release|Win32
	EndGlobalSection
	GlobalSection(ProjectConfigurationPlatforms) = postSolution
		{C381A8A7-885E-472B-B4A0-C9B05151E47B}.Debug|Win32.ActiveCfg = Debug|Win32
		{C381A8A7-885E-472B-B4A0-C9B05151E47B}.Debug|Win32.Build.0 = Debug|Win32
		{C381A8A7-885E-472B-B4A0-C9B05151E47B}.Release|Win32.ActiveCfg = Release|Win32
		{C381A8A7-885E-472B-B4A0-C9B05151E47B}.Release|Win32.Build.0 = Release|Win32
	EndGlobalSection
	GlobalSection(SolutionProperties) = preSolution
		HideSolutionNode = FALSE
	EndGlobalSection
EndGlobal
