
Microsoft Visual Studio Solution File, Format Version 10.00
# Visual Studio 2008
Project("{8BC9CEB8-8B4A-11D0-8D11-00A0C91BC942}") = "10-29", "10-29\10-29.vcproj", "{4477BE74-5749-411F-B845-9220A9E119D1}"
EndProject
Global
	GlobalSection(SolutionConfigurationPlatforms) = preSolution
		Debug|Win32 = Debug|Win32
		Release|Win32 = Release|Win32
	EndGlobalSection
	GlobalSection(ProjectConfigurationPlatforms) = postSolution
		{4477BE74-5749-411F-B845-9220A9E119D1}.Debug|Win32.ActiveCfg = Debug|Win32
		{4477BE74-5749-411F-B845-9220A9E119D1}.Debug|Win32.Build.0 = Debug|Win32
		{4477BE74-5749-411F-B845-9220A9E119D1}.Release|Win32.ActiveCfg = Release|Win32
		{4477BE74-5749-411F-B845-9220A9E119D1}.Release|Win32.Build.0 = Release|Win32
	EndGlobalSection
	GlobalSection(SolutionProperties) = preSolution
		HideSolutionNode = FALSE
	EndGlobalSection
EndGlobal
