
Microsoft Visual Studio Solution File, Format Version 10.00
# Visual Studio 2008
Project("{8BC9CEB8-8B4A-11D0-8D11-00A0C91BC942}") = "SeqList.c", "SeqList.c\SeqList.c.vcproj", "{9BADD0C5-826F-4739-BEBB-3A50DA47192C}"
EndProject
Global
	GlobalSection(SolutionConfigurationPlatforms) = preSolution
		Debug|Win32 = Debug|Win32
		Release|Win32 = Release|Win32
	EndGlobalSection
	GlobalSection(ProjectConfigurationPlatforms) = postSolution
		{9BADD0C5-826F-4739-BEBB-3A50DA47192C}.Debug|Win32.ActiveCfg = Debug|Win32
		{9BADD0C5-826F-4739-BEBB-3A50DA47192C}.Debug|Win32.Build.0 = Debug|Win32
		{9BADD0C5-826F-4739-BEBB-3A50DA47192C}.Release|Win32.ActiveCfg = Release|Win32
		{9BADD0C5-826F-4739-BEBB-3A50DA47192C}.Release|Win32.Build.0 = Release|Win32
	EndGlobalSection
	GlobalSection(SolutionProperties) = preSolution
		HideSolutionNode = FALSE
	EndGlobalSection
EndGlobal
