
Microsoft Visual Studio Solution File, Format Version 10.00
# Visual Studio 2008
Project("{8BC9CEB8-8B4A-11D0-8D11-00A0C91BC942}") = "10-17-1", "10-17-1\10-17-1.vcproj", "{0B868B87-2F39-457F-8A8F-CA170E53902F}"
EndProject
Global
	GlobalSection(SolutionConfigurationPlatforms) = preSolution
		Debug|Win32 = Debug|Win32
		Release|Win32 = Release|Win32
	EndGlobalSection
	GlobalSection(ProjectConfigurationPlatforms) = postSolution
		{0B868B87-2F39-457F-8A8F-CA170E53902F}.Debug|Win32.ActiveCfg = Debug|Win32
		{0B868B87-2F39-457F-8A8F-CA170E53902F}.Debug|Win32.Build.0 = Debug|Win32
		{0B868B87-2F39-457F-8A8F-CA170E53902F}.Release|Win32.ActiveCfg = Release|Win32
		{0B868B87-2F39-457F-8A8F-CA170E53902F}.Release|Win32.Build.0 = Release|Win32
	EndGlobalSection
	GlobalSection(SolutionProperties) = preSolution
		HideSolutionNode = FALSE
	EndGlobalSection
EndGlobal
