
Microsoft Visual Studio Solution File, Format Version 10.00
# Visual Studio 2008
Project("{8BC9CEB8-8B4A-11D0-8D11-00A0C91BC942}") = "第四天", "第四天\第四天.vcproj", "{9F64147E-1D1A-444B-97A6-D54953C2E925}"
EndProject
Global
	GlobalSection(SolutionConfigurationPlatforms) = preSolution
		Debug|Win32 = Debug|Win32
		Release|Win32 = Release|Win32
	EndGlobalSection
	GlobalSection(ProjectConfigurationPlatforms) = postSolution
		{9F64147E-1D1A-444B-97A6-D54953C2E925}.Debug|Win32.ActiveCfg = Debug|Win32
		{9F64147E-1D1A-444B-97A6-D54953C2E925}.Debug|Win32.Build.0 = Debug|Win32
		{9F64147E-1D1A-444B-97A6-D54953C2E925}.Release|Win32.ActiveCfg = Release|Win32
		{9F64147E-1D1A-444B-97A6-D54953C2E925}.Release|Win32.Build.0 = Release|Win32
	EndGlobalSection
	GlobalSection(SolutionProperties) = preSolution
		HideSolutionNode = FALSE
	EndGlobalSection
EndGlobal
