
Microsoft Visual Studio Solution File, Format Version 10.00
# Visual Studio 2008
Project("{8BC9CEB8-8B4A-11D0-8D11-00A0C91BC942}") = "10-6", "10-6\10-6.vcproj", "{D645EE11-ED88-47F6-A5F7-939B1BCDD606}"
EndProject
Global
	GlobalSection(SolutionConfigurationPlatforms) = preSolution
		Debug|Win32 = Debug|Win32
		Release|Win32 = Release|Win32
	EndGlobalSection
	GlobalSection(ProjectConfigurationPlatforms) = postSolution
		{D645EE11-ED88-47F6-A5F7-939B1BCDD606}.Debug|Win32.ActiveCfg = Debug|Win32
		{D645EE11-ED88-47F6-A5F7-939B1BCDD606}.Debug|Win32.Build.0 = Debug|Win32
		{D645EE11-ED88-47F6-A5F7-939B1BCDD606}.Release|Win32.ActiveCfg = Release|Win32
		{D645EE11-ED88-47F6-A5F7-939B1BCDD606}.Release|Win32.Build.0 = Release|Win32
	EndGlobalSection
	GlobalSection(SolutionProperties) = preSolution
		HideSolutionNode = FALSE
	EndGlobalSection
EndGlobal
