
Microsoft Visual Studio Solution File, Format Version 10.00
# Visual Studio 2008
Project("{8BC9CEB8-8B4A-11D0-8D11-00A0C91BC942}") = "12-8-1", "12-8-1\12-8-1.vcproj", "{BE6C46A0-1BB7-46C6-832E-C96081DCC5C2}"
EndProject
Global
	GlobalSection(SolutionConfigurationPlatforms) = preSolution
		Debug|Win32 = Debug|Win32
		Release|Win32 = Release|Win32
	EndGlobalSection
	GlobalSection(ProjectConfigurationPlatforms) = postSolution
		{BE6C46A0-1BB7-46C6-832E-C96081DCC5C2}.Debug|Win32.ActiveCfg = Debug|Win32
		{BE6C46A0-1BB7-46C6-832E-C96081DCC5C2}.Debug|Win32.Build.0 = Debug|Win32
		{BE6C46A0-1BB7-46C6-832E-C96081DCC5C2}.Release|Win32.ActiveCfg = Release|Win32
		{BE6C46A0-1BB7-46C6-832E-C96081DCC5C2}.Release|Win32.Build.0 = Release|Win32
	EndGlobalSection
	GlobalSection(SolutionProperties) = preSolution
		HideSolutionNode = FALSE
	EndGlobalSection
EndGlobal
