
Microsoft Visual Studio Solution File, Format Version 10.00
# Visual Studio 2008
Project("{8BC9CEB8-8B4A-11D0-8D11-00A0C91BC942}") = "5-18(红黑树)", "5-18(红黑树)\5-18(红黑树).vcproj", "{71F3BC60-C889-4C21-863B-85787A981788}"
EndProject
Global
	GlobalSection(SolutionConfigurationPlatforms) = preSolution
		Debug|Win32 = Debug|Win32
		Release|Win32 = Release|Win32
	EndGlobalSection
	GlobalSection(ProjectConfigurationPlatforms) = postSolution
		{71F3BC60-C889-4C21-863B-85787A981788}.Debug|Win32.ActiveCfg = Debug|Win32
		{71F3BC60-C889-4C21-863B-85787A981788}.Debug|Win32.Build.0 = Debug|Win32
		{71F3BC60-C889-4C21-863B-85787A981788}.Release|Win32.ActiveCfg = Release|Win32
		{71F3BC60-C889-4C21-863B-85787A981788}.Release|Win32.Build.0 = Release|Win32
	EndGlobalSection
	GlobalSection(SolutionProperties) = preSolution
		HideSolutionNode = FALSE
	EndGlobalSection
EndGlobal
